
Microsoft Visual Studio Solution File, Format Version 12.00
# Visual Studio Version 16
VisualStudioVersion = 16.0.32802.440
MinimumVisualStudioVersion = 10.0.40219.1
Project("{9A19103F-16F7-4668-BE54-9A1E7A4F7556}") = "MonoGame.Effect.Compiler", "MonoGame.Effect.Compiler.csproj", "{88A2872B-5E2B-465F-B78A-F7E941803EC6}"
EndProject
Global
	GlobalSection(SolutionConfigurationPlatforms) = preSolution
		Debug|Any CPU = Debug|Any CPU
		Release|Any CPU = Release|Any CPU
	EndGlobalSection
	GlobalSection(ProjectConfigurationPlatforms) = postSolution
		{88A2872B-5E2B-465F-B78A-F7E941803EC6}.Debug|Any CPU.ActiveCfg = Debug|Any CPU
		{88A2872B-5E2B-465F-B78A-F7E941803EC6}.Debug|Any CPU.Build.0 = Debug|Any CPU
		{88A2872B-5E2B-465F-B78A-F7E941803EC6}.Release|Any CPU.ActiveCfg = Release|Any CPU
		{88A2872B-5E2B-465F-B78A-F7E941803EC6}.Release|Any CPU.Build.0 = Release|Any CPU
	EndGlobalSection
	GlobalSection(SolutionProperties) = preSolution
		HideSolutionNode = FALSE
	EndGlobalSection
	GlobalSection(ExtensibilityGlobals) = postSolution
		SolutionGuid = {ECCA7FA6-0C05-467E-AA1B-FD00FFED40DE}
	EndGlobalSection
EndGlobal
