
Microsoft Visual Studio Solution File, Format Version 12.00
# Visual Studio Version 17
VisualStudioVersion = 17.4.33103.184
MinimumVisualStudioVersion = 10.0.40219.1
Project("{9A19103F-16F7-4668-BE54-9A1E7A4F7556}") = "MonoGame.Effect.Compiler", "MonoGame.Effect.Compiler.csproj", "{88A2872B-5E2B-465F-B78A-F7E941803EC6}"
EndProject
Project("{8BC9CEB8-8B4A-11D0-8D11-00A0C91BC942}") = "scePlayStation5Tools", "..\..\PS5\Tools\scePlayStation5Tools\scePlayStation5Tools.vcxproj", "{80316BFA-C181-4977-BF9C-D68469101604}"
EndProject
Global
	GlobalSection(SolutionConfigurationPlatforms) = preSolution
		Debug|Any CPU = Debug|Any CPU
		Debug|x64 = Debug|x64
		Release|Any CPU = Release|Any CPU
		Release|x64 = Release|x64
	EndGlobalSection
	GlobalSection(ProjectConfigurationPlatforms) = postSolution
		{88A2872B-5E2B-465F-B78A-F7E941803EC6}.Debug|Any CPU.ActiveCfg = Debug|Any CPU
		{88A2872B-5E2B-465F-B78A-F7E941803EC6}.Debug|Any CPU.Build.0 = Debug|Any CPU
		{88A2872B-5E2B-465F-B78A-F7E941803EC6}.Debug|x64.ActiveCfg = Debug|Any CPU
		{88A2872B-5E2B-465F-B78A-F7E941803EC6}.Debug|x64.Build.0 = Debug|Any CPU
		{88A2872B-5E2B-465F-B78A-F7E941803EC6}.Release|Any CPU.ActiveCfg = Release|Any CPU
		{88A2872B-5E2B-465F-B78A-F7E941803EC6}.Release|Any CPU.Build.0 = Release|Any CPU
		{88A2872B-5E2B-465F-B78A-F7E941803EC6}.Release|x64.ActiveCfg = Release|Any CPU
		{88A2872B-5E2B-465F-B78A-F7E941803EC6}.Release|x64.Build.0 = Release|Any CPU
		{80316BFA-C181-4977-BF9C-D68469101604}.Debug|Any CPU.ActiveCfg = Debug|x64
		{80316BFA-C181-4977-BF9C-D68469101604}.Debug|Any CPU.Build.0 = Debug|x64
		{80316BFA-C181-4977-BF9C-D68469101604}.Debug|x64.ActiveCfg = Debug|x64
		{80316BFA-C181-4977-BF9C-D68469101604}.Debug|x64.Build.0 = Debug|x64
		{80316BFA-C181-4977-BF9C-D68469101604}.Release|Any CPU.ActiveCfg = Release|x64
		{80316BFA-C181-4977-BF9C-D68469101604}.Release|Any CPU.Build.0 = Release|x64
		{80316BFA-C181-4977-BF9C-D68469101604}.Release|x64.ActiveCfg = Release|x64
		{80316BFA-C181-4977-BF9C-D68469101604}.Release|x64.Build.0 = Release|x64
	EndGlobalSection
	GlobalSection(SolutionProperties) = preSolution
		HideSolutionNode = FALSE
	EndGlobalSection
	GlobalSection(ExtensibilityGlobals) = postSolution
		SolutionGuid = {ECCA7FA6-0C05-467E-AA1B-FD00FFED40DE}
	EndGlobalSection
EndGlobal
